# Pinned engine sources for the Pages build. One value per line (KEY=value, no spaces). To bump an engine, edit its
# line and push (the pages workflow reads this file; nothing else needs to change).
#
# variant F + graph layer (eve-dogma-lab, branch graphs-g4; round-2 graphs prototype, backend wasm-g4-worker)
GRAPHS_G4_SHA=33fd7439edcb1cf63ac09c7107776092261b959b
# CONTRACT-GRAPHS 0.2 case suite (eve-dogma-bench, branch graphs-round2) run in headless Chrome against wasm-g4-worker
GRAPHS_BENCH_SHA=8c40921911aed9a7d7f032a2f9d4c43986ca0232
# Round-1 winner J (C++20 -> WASM with Emscripten, backend wasm-j-worker). Format: <owner/repo>@<full sha>:<directory>.
# When EX-CT/eve-dogma is ready, the move is this one line, e.g. ENGINE_J_SRC=EX-CT/eve-dogma@<sha>:.
ENGINE_J_SRC=EX-CT/eve-dogma-lab@3ab992d7ed451436725e0597e19307c11863ab40:variant-j
EMSDK_VERSION=6.0.11
# Frozen bench 1.8.0 stats corpus (326 cases, eve-dogma-bench 3da9671) run in headless Chrome against the J build
DOGMA_BENCH_SHA=3da9671da11379de6ae17d3c3285505e95267f29
