# Pinned engine sources for the Pages build. One value per line (KEY=value, no spaces). To bump an engine, edit its
# line and push (the pages workflow reads this file; nothing else needs to change).
#
# Mainline engine F (Rust -> WASM, backend wasm-worker = site default via repo var DEFAULT_ENGINE): stats AND graphs in
# one worker (variant-f-features merged the graphs-g4 graph layer; bench 1.9.0 331/331, graphs 0.2 178/178).
# Format: <owner/repo>@<full sha>:<directory>.
# TODO: when F's bot migrates F to EX-CT/eve-dogma, repoint this line to that repo, e.g. ENGINE_F_SRC=EX-CT/eve-dogma@<sha>:.
ENGINE_F_SRC=EX-CT/eve-dogma-lab@4b8f5f981c348fab50e0ad8abc44d3eec3b62d5c:variant-f
# CONTRACT-GRAPHS 0.2 case suite (eve-dogma-bench, branch graphs-round2) run in headless Chrome against wasm-worker (F)
GRAPHS_BENCH_SHA=8c40921911aed9a7d7f032a2f9d4c43986ca0232
# Optional speed reference J (round-1 winner; C++20 -> WASM with Emscripten, backend wasm-j-worker; graphs via F). Format: <owner/repo>@<full sha>:<directory>.
# When EX-CT/eve-dogma is ready, the move is this one line, e.g. ENGINE_J_SRC=EX-CT/eve-dogma@<sha>:.
ENGINE_J_SRC=EX-CT/eve-dogma-lab@3ab992d7ed451436725e0597e19307c11863ab40:variant-j
EMSDK_VERSION=6.0.11
# Stats corpus run in headless Chrome against F (gates the deploy) and J (optional): bench 1.9.0 (331 cases, tag v1.9.0)
DOGMA_BENCH_SHA=d2edf989a7c3ba5afbe54ca6fe85a5a285af8640
